github.com/go-chi/chi/v5 v5.2.5 h1:Eg4myHZBjyvJmAFjFvWgrqDTXFyOzjj7YIm3L3mu6Ug=
github.com/go-chi/chi/v5 v5.2.5/go.mod h1:X7Gx4mteadT3eDOMTsXzmI4/rwUpOwBHLpAfupzFJP0=
github.com/golang-jwt/jwt/v5 v5.3.1 h1:kYf81DTWFe7t+1VvL7eS+jKFVWaUnK9cB1qbwn63YCY=
github.com/golang-jwt/jwt/v5 v5.3.1/go.mod h1:fxCRLWMO43lRc8nhHWY6LGqRcf+1gQWArsqaEUEa5bE=
github.com/tus/lockfile v1.2.0 h1:92dMoNyeb5zaNi8eQ79WLqt/npUWUFkaM5ZM9kOMIDM=
github.com/tus/lockfile v1.2.0/go.mod h1:JyfWCHNyfd7eGxudGohrkt38kuKRki6L0JH82p2e+mc=
github.com/tus/tusd/v2 v2.9.2 h1:Dd/Dh0CG7+/wom4lDQnnhca+1p5qVwgnbyEBacj1v7c=
github.com/tus/tusd/v2 v2.9.2/go.mod h1:+a9uNLru2Qy+CUu7QUIshmQ+X0fLNw77eu8voKVxmgA=
golang.org/x/crypto v0.49.0 h1:+Ng2ULVvLHnJ/ZFEq4KdcDd/cfjrrjjNSXNzxg0Y4U4=
golang.org/x/crypto v0.49.0/go.mod h1:ErX4dUh2UM+CFYiXZRTcMpEcN8b/1gxEuv3nODoYtCA=
golang.org/x/exp v0.0.0-20250106191152-7588d65b2ba8 h1:yqrTHse8TCMW1M1ZCP+VAR/l0kKxwaAIqN/il7x4voA=
golang.org/x/exp v0.0.0-20250106191152-7588d65b2ba8/go.mod h1:tujkw807nyEEAamNbDrEGzRav+ilXA7PCRAd6xsmwiU=
